
Microsoft Visual Studio Solution File, Format Version 12.00
# Visual Studio Version 17
VisualStudioVersion = 17.2.32602.215
MinimumVisualStudioVersion = 10.0.40219.1
Project("{FAE04EC0-301F-11D3-BF4B-00C04F79EFBC}") = "CalculadoraConsole", "CalculadoraConsole\CalculadoraConsole.csproj", "{BE945DB2-D963-483B-A727-C3A8DDE10210}"
EndProject
Global
	GlobalSection(SolutionConfigurationPlatforms) = preSolution
		Debug|Any CPU = Debug|Any CPU
		Release|Any CPU = Release|Any CPU
	EndGlobalSection
	GlobalSection(ProjectConfigurationPlatforms) = postSolution
		{BE945DB2-D963-483B-A727-C3A8DDE10210}.Debug|Any CPU.ActiveCfg = Debug|Any CPU
		{BE945DB2-D963-483B-A727-C3A8DDE10210}.Debug|Any CPU.Build.0 = Debug|Any CPU
		{BE945DB2-D963-483B-A727-C3A8DDE10210}.Release|Any CPU.ActiveCfg = Release|Any CPU
		{BE945DB2-D963-483B-A727-C3A8DDE10210}.Release|Any CPU.Build.0 = Release|Any CPU
	EndGlobalSection
	GlobalSection(SolutionProperties) = preSolution
		HideSolutionNode = FALSE
	EndGlobalSection
	GlobalSection(ExtensibilityGlobals) = postSolution
		SolutionGuid = {B1D58C77-D647-4BF2-A713-D1D8FDF98B9B}
	EndGlobalSection
EndGlobal
